// !$*UTF8*$!
{
	archiveVersion = 1;
	classes = {
	};
	objectVersion = 46;
	objects = {

/* Begin PBXBuildFile section */
		5742F19F1CBF7DCF008D95E7 /* UIViewController+YKNavigation.m in Sources */ = {isa = PBXBuildFile; fileRef = 5742F19E1CBF7DCF008D95E7 /* UIViewController+YKNavigation.m */; };
		5746D7B11C49185D009D565B /* main.m in Sources */ = {isa = PBXBuildFile; fileRef = 5746D7B01C49185D009D565B /* main.m */; };
		5746D7B41C49185D009D565B /* AppDelegate.m in Sources */ = {isa = PBXBuildFile; fileRef = 5746D7B31C49185D009D565B /* AppDelegate.m */; };
		5746D7BC1C49185D009D565B /* Assets.xcassets in Resources */ = {isa = PBXBuildFile; fileRef = 5746D7BB1C49185D009D565B /* Assets.xcassets */; };
		5746D7BF1C49185D009D565B /* LaunchScreen.storyboard in Resources */ = {isa = PBXBuildFile; fileRef = 5746D7BD1C49185D009D565B /* LaunchScreen.storyboard */; };
		5746D7CA1C49185D009D565B /* NavigationControllerDemoTests.m in Sources */ = {isa = PBXBuildFile; fileRef = 5746D7C91C49185D009D565B /* NavigationControllerDemoTests.m */; };
		5746D7D51C49185D009D565B /* NavigationControllerDemoUITests.m in Sources */ = {isa = PBXBuildFile; fileRef = 5746D7D41C49185D009D565B /* NavigationControllerDemoUITests.m */; };
		5746D7EB1C491CD8009D565B /* YKNavigationController.m in Sources */ = {isa = PBXBuildFile; fileRef = 5746D7EA1C491CD8009D565B /* YKNavigationController.m */; };
		579BD4001CB5FFDD00FDB529 /* RootViewController.m in Sources */ = {isa = PBXBuildFile; fileRef = 579BD3FE1CB5FFDD00FDB529 /* RootViewController.m */; };
		579BD4011CB5FFDD00FDB529 /* RootViewController.xib in Resources */ = {isa = PBXBuildFile; fileRef = 579BD3FF1CB5FFDD00FDB529 /* RootViewController.xib */; };
		579BD4051CB6024900FDB529 /* NormalViewController.m in Sources */ = {isa = PBXBuildFile; fileRef = 579BD4031CB6024900FDB529 /* NormalViewController.m */; };
		579BD4061CB6024900FDB529 /* NormalViewController.xib in Resources */ = {isa = PBXBuildFile; fileRef = 579BD4041CB6024900FDB529 /* NormalViewController.xib */; };
		579BD40A1CB605E800FDB529 /* NoTitleViewController.m in Sources */ = {isa = PBXBuildFile; fileRef = 579BD4081CB605E800FDB529 /* NoTitleViewController.m */; };
		579BD40B1CB605E800FDB529 /* NoTitleViewController.xib in Resources */ = {isa = PBXBuildFile; fileRef = 579BD4091CB605E800FDB529 /* NoTitleViewController.xib */; };
/* End PBXBuildFile section */

/* Begin PBXContainerItemProxy section */
		5746D7C61C49185D009D565B /* PBXContainerItemProxy */ = {
			isa = PBXContainerItemProxy;
			containerPortal = 5746D7A41C49185D009D565B /* Project object */;
			proxyType = 1;
			remoteGlobalIDString = 5746D7AB1C49185D009D565B;
			remoteInfo = NavigationControllerDemo;
		};
		5746D7D11C49185D009D565B /* PBXContainerItemProxy */ = {
			isa = PBXContainerItemProxy;
			containerPortal = 5746D7A41C49185D009D565B /* Project object */;
			proxyType = 1;
			remoteGlobalIDString = 5746D7AB1C49185D009D565B;
			remoteInfo = NavigationControllerDemo;
		};
/* End PBXContainerItemProxy section */

/* Begin PBXFileReference section */
		5742F19D1CBF7DCF008D95E7 /* UIViewController+YKNavigation.h */ = {isa = PBXFileReference; fileEncoding = 4; lastKnownFileType = sourcecode.c.h; path = "UIViewController+YKNavigation.h"; sourceTree = "<group>"; };
		5742F19E1CBF7DCF008D95E7 /* UIViewController+YKNavigation.m */ = {isa = PBXFileReference; fileEncoding = 4; lastKnownFileType = sourcecode.c.objc; path = "UIViewController+YKNavigation.m"; sourceTree = "<group>"; };
		5746D7AC1C49185D009D565B /* NavigationControllerDemo.app */ = {isa = PBXFileReference; explicitFileType = wrapper.application; includeInIndex = 0; path = NavigationControllerDemo.app; sourceTree = BUILT_PRODUCTS_DIR; };
		5746D7B01C49185D009D565B /* main.m */ = {isa = PBXFileReference; lastKnownFileType = sourcecode.c.objc; path = main.m; sourceTree = "<group>"; };
		5746D7B21C49185D009D565B /* AppDelegate.h */ = {isa = PBXFileReference; lastKnownFileType = sourcecode.c.h; path = AppDelegate.h; sourceTree = "<group>"; };
		5746D7B31C49185D009D565B /* AppDelegate.m */ = {isa = PBXFileReference; lastKnownFileType = sourcecode.c.objc; path = AppDelegate.m; sourceTree = "<group>"; };
		5746D7BB1C49185D009D565B /* Assets.xcassets */ = {isa = PBXFileReference; lastKnownFileType = folder.assetcatalog; path = Assets.xcassets; sourceTree = "<group>"; };
		5746D7BE1C49185D009D565B /* Base */ = {isa = PBXFileReference; lastKnownFileType = file.storyboard; name = Base; path = Base.lproj/LaunchScreen.storyboard; sourceTree = "<group>"; };
		5746D7C01C49185D009D565B /* Info.plist */ = {isa = PBXFileReference; lastKnownFileType = text.plist.xml; path = Info.plist; sourceTree = "<group>"; };
		5746D7C51C49185D009D565B /* NavigationControllerDemoTests.xctest */ = {isa = PBXFileReference; explicitFileType = wrapper.cfbundle; includeInIndex = 0; path = NavigationControllerDemoTests.xctest; sourceTree = BUILT_PRODUCTS_DIR; };
		5746D7C91C49185D009D565B /* NavigationControllerDemoTests.m */ = {isa = PBXFileReference; lastKnownFileType = sourcecode.c.objc; path = NavigationControllerDemoTests.m; sourceTree = "<group>"; };
		5746D7CB1C49185D009D565B /* Info.plist */ = {isa = PBXFileReference; lastKnownFileType = text.plist.xml; path = Info.plist; sourceTree = "<group>"; };
		5746D7D01C49185D009D565B /* NavigationControllerDemoUITests.xctest */ = {isa = PBXFileReference; explicitFileType = wrapper.cfbundle; includeInIndex = 0; path = NavigationControllerDemoUITests.xctest; sourceTree = BUILT_PRODUCTS_DIR; };
		5746D7D41C49185D009D565B /* NavigationControllerDemoUITests.m */ = {isa = PBXFileReference; lastKnownFileType = sourcecode.c.objc; path = NavigationControllerDemoUITests.m; sourceTree = "<group>"; };
		5746D7D61C49185D009D565B /* Info.plist */ = {isa = PBXFileReference; lastKnownFileType = text.plist.xml; path = Info.plist; sourceTree = "<group>"; };
		5746D7E91C491CD8009D565B /* YKNavigationController.h */ = {isa = PBXFileReference; fileEncoding = 4; lastKnownFileType = sourcecode.c.h; path = YKNavigationController.h; sourceTree = "<group>"; };
		5746D7EA1C491CD8009D565B /* YKNavigationController.m */ = {isa = PBXFileReference; fileEncoding = 4; lastKnownFileType = sourcecode.c.objc; path = YKNavigationController.m; sourceTree = "<group>"; };
		579BD3FD1CB5FFDD00FDB529 /* RootViewController.h */ = {isa = PBXFileReference; fileEncoding = 4; lastKnownFileType = sourcecode.c.h; path = RootViewController.h; sourceTree = "<group>"; };
		579BD3FE1CB5FFDD00FDB529 /* RootViewController.m */ = {isa = PBXFileReference; fileEncoding = 4; lastKnownFileType = sourcecode.c.objc; path = RootViewController.m; sourceTree = "<group>"; };
		579BD3FF1CB5FFDD00FDB529 /* RootViewController.xib */ = {isa = PBXFileReference; fileEncoding = 4; lastKnownFileType = file.xib; path = RootViewController.xib; sourceTree = "<group>"; };
		579BD4021CB6024900FDB529 /* NormalViewController.h */ = {isa = PBXFileReference; fileEncoding = 4; lastKnownFileType = sourcecode.c.h; path = NormalViewController.h; sourceTree = "<group>"; };
		579BD4031CB6024900FDB529 /* NormalViewController.m */ = {isa = PBXFileReference; fileEncoding = 4; lastKnownFileType = sourcecode.c.objc; path = NormalViewController.m; sourceTree = "<group>"; };
		579BD4041CB6024900FDB529 /* NormalViewController.xib */ = {isa = PBXFileReference; fileEncoding = 4; lastKnownFileType = file.xib; path = NormalViewController.xib; sourceTree = "<group>"; };
		579BD4071CB605E800FDB529 /* NoTitleViewController.h */ = {isa = PBXFileReference; fileEncoding = 4; lastKnownFileType = sourcecode.c.h; path = NoTitleViewController.h; sourceTree = "<group>"; };
		579BD4081CB605E800FDB529 /* NoTitleViewController.m */ = {isa = PBXFileReference; fileEncoding = 4; lastKnownFileType = sourcecode.c.objc; path = NoTitleViewController.m; sourceTree = "<group>"; };
		579BD4091CB605E800FDB529 /* NoTitleViewController.xib */ = {isa = PBXFileReference; fileEncoding = 4; lastKnownFileType = file.xib; path = NoTitleViewController.xib; sourceTree = "<group>"; };
/* End PBXFileReference section */

/* Begin PBXFrameworksBuildPhase section */
		5746D7A91C49185D009D565B /* Frameworks */ = {
			isa = PBXFrameworksBuildPhase;
			buildActionMask = 2147483647;
			files = (
			);
			runOnlyForDeploymentPostprocessing = 0;
		};
		5746D7C21C49185D009D565B /* Frameworks */ = {
			isa = PBXFrameworksBuildPhase;
			buildActionMask = 2147483647;
			files = (
			);
			runOnlyForDeploymentPostprocessing = 0;
		};
		5746D7CD1C49185D009D565B /* Frameworks */ = {
			isa = PBXFrameworksBuildPhase;
			buildActionMask = 2147483647;
			files = (
			);
			runOnlyForDeploymentPostprocessing = 0;
		};
/* End PBXFrameworksBuildPhase section */

/* Begin PBXGroup section */
		5746D7A31C49185D009D565B = {
			isa = PBXGroup;
			children = (
				5746D7E81C491CD8009D565B /* NavigationController */,
				5746D7AE1C49185D009D565B /* NavigationControllerDemo */,
				5746D7C81C49185D009D565B /* NavigationControllerDemoTests */,
				5746D7D31C49185D009D565B /* NavigationControllerDemoUITests */,
				5746D7AD1C49185D009D565B /* Products */,
			);
			sourceTree = "<group>";
		};
		5746D7AD1C49185D009D565B /* Products */ = {
			isa = PBXGroup;
			children = (
				5746D7AC1C49185D009D565B /* NavigationControllerDemo.app */,
				5746D7C51C49185D009D565B /* NavigationControllerDemoTests.xctest */,
				5746D7D01C49185D009D565B /* NavigationControllerDemoUITests.xctest */,
			);
			name = Products;
			sourceTree = "<group>";
		};
		5746D7AE1C49185D009D565B /* NavigationControllerDemo */ = {
			isa = PBXGroup;
			children = (
				5746D7B21C49185D009D565B /* AppDelegate.h */,
				5746D7B31C49185D009D565B /* AppDelegate.m */,
				579BD3FD1CB5FFDD00FDB529 /* RootViewController.h */,
				579BD3FE1CB5FFDD00FDB529 /* RootViewController.m */,
				579BD3FF1CB5FFDD00FDB529 /* RootViewController.xib */,
				579BD4021CB6024900FDB529 /* NormalViewController.h */,
				579BD4031CB6024900FDB529 /* NormalViewController.m */,
				579BD4041CB6024900FDB529 /* NormalViewController.xib */,
				579BD4071CB605E800FDB529 /* NoTitleViewController.h */,
				579BD4081CB605E800FDB529 /* NoTitleViewController.m */,
				579BD4091CB605E800FDB529 /* NoTitleViewController.xib */,
				5746D7BB1C49185D009D565B /* Assets.xcassets */,
				5746D7BD1C49185D009D565B /* LaunchScreen.storyboard */,
				5746D7C01C49185D009D565B /* Info.plist */,
				5746D7AF1C49185D009D565B /* Supporting Files */,
			);
			path = NavigationControllerDemo;
			sourceTree = "<group>";
		};
		5746D7AF1C49185D009D565B /* Supporting Files */ = {
			isa = PBXGroup;
			children = (
				5746D7B01C49185D009D565B /* main.m */,
			);
			name = "Supporting Files";
			sourceTree = "<group>";
		};
		5746D7C81C49185D009D565B /* NavigationControllerDemoTests */ = {
			isa = PBXGroup;
			children = (
				5746D7C91C49185D009D565B /* NavigationControllerDemoTests.m */,
				5746D7CB1C49185D009D565B /* Info.plist */,
			);
			path = NavigationControllerDemoTests;
			sourceTree = "<group>";
		};
		5746D7D31C49185D009D565B /* NavigationControllerDemoUITests */ = {
			isa = PBXGroup;
			children = (
				5746D7D41C49185D009D565B /* NavigationControllerDemoUITests.m */,
				5746D7D61C49185D009D565B /* Info.plist */,
			);
			path = NavigationControllerDemoUITests;
			sourceTree = "<group>";
		};
		5746D7E81C491CD8009D565B /* NavigationController */ = {
			isa = PBXGroup;
			children = (
				5746D7E91C491CD8009D565B /* YKNavigationController.h */,
				5746D7EA1C491CD8009D565B /* YKNavigationController.m */,
				5742F19D1CBF7DCF008D95E7 /* UIViewController+YKNavigation.h */,
				5742F19E1CBF7DCF008D95E7 /* UIViewController+YKNavigation.m */,
			);
			path = NavigationController;
			sourceTree = "<group>";
		};
/* End PBXGroup section */

/* Begin PBXNativeTarget section */
		5746D7AB1C49185D009D565B /* NavigationControllerDemo */ = {
			isa = PBXNativeTarget;
			buildConfigurationList = 5746D7D91C49185D009D565B /* Build configuration list for PBXNativeTarget "NavigationControllerDemo" */;
			buildPhases = (
				5746D7A81C49185D009D565B /* Sources */,
				5746D7A91C49185D009D565B /* Frameworks */,
				5746D7AA1C49185D009D565B /* Resources */,
			);
			buildRules = (
			);
			dependencies = (
			);
			name = NavigationControllerDemo;
			productName = NavigationControllerDemo;
			productReference = 5746D7AC1C49185D009D565B /* NavigationControllerDemo.app */;
			productType = "com.apple.product-type.application";
		};
		5746D7C41C49185D009D565B /* NavigationControllerDemoTests */ = {
			isa = PBXNativeTarget;
			buildConfigurationList = 5746D7DC1C49185D009D565B /* Build configuration list for PBXNativeTarget "NavigationControllerDemoTests" */;
			buildPhases = (
				5746D7C11C49185D009D565B /* Sources */,
				5746D7C21C49185D009D565B /* Frameworks */,
				5746D7C31C49185D009D565B /* Resources */,
			);
			buildRules = (
			);
			dependencies = (
				5746D7C71C49185D009D565B /* PBXTargetDependency */,
			);
			name = NavigationControllerDemoTests;
			productName = NavigationControllerDemoTests;
			productReference = 5746D7C51C49185D009D565B /* NavigationControllerDemoTests.xctest */;
			productType = "com.apple.product-type.bundle.unit-test";
		};
		5746D7CF1C49185D009D565B /* NavigationControllerDemoUITests */ = {
			isa = PBXNativeTarget;
			buildConfigurationList = 5746D7DF1C49185D009D565B /* Build configuration list for PBXNativeTarget "NavigationControllerDemoUITests" */;
			buildPhases = (
				5746D7CC1C49185D009D565B /* Sources */,
				5746D7CD1C49185D009D565B /* Frameworks */,
				5746D7CE1C49185D009D565B /* Resources */,
			);
			buildRules = (
			);
			dependencies = (
				5746D7D21C49185D009D565B /* PBXTargetDependency */,
			);
			name = NavigationControllerDemoUITests;
			productName = NavigationControllerDemoUITests;
			productReference = 5746D7D01C49185D009D565B /* NavigationControllerDemoUITests.xctest */;
			productType = "com.apple.product-type.bundle.ui-testing";
		};
/* End PBXNativeTarget section */

/* Begin PBXProject section */
		5746D7A41C49185D009D565B /* Project object */ = {
			isa = PBXProject;
			attributes = {
				LastUpgradeCheck = 0720;
				ORGANIZATIONNAME = wanyakun;
				TargetAttributes = {
					5746D7AB1C49185D009D565B = {
						CreatedOnToolsVersion = 7.2;
					};
					5746D7C41C49185D009D565B = {
						CreatedOnToolsVersion = 7.2;
						TestTargetID = 5746D7AB1C49185D009D565B;
					};
					5746D7CF1C49185D009D565B = {
						CreatedOnToolsVersion = 7.2;
						TestTargetID = 5746D7AB1C49185D009D565B;
					};
				};
			};
			buildConfigurationList = 5746D7A71C49185D009D565B /* Build configuration list for PBXProject "NavigationControllerDemo" */;
			compatibilityVersion = "Xcode 3.2";
			developmentRegion = English;
			hasScannedForEncodings = 0;
			knownRegions = (
				en,
				Base,
			);
			mainGroup = 5746D7A31C49185D009D565B;
			productRefGroup = 5746D7AD1C49185D009D565B /* Products */;
			projectDirPath = "";
			projectRoot = "";
			targets = (
				5746D7AB1C49185D009D565B /* NavigationControllerDemo */,
				5746D7C41C49185D009D565B /* NavigationControllerDemoTests */,
				5746D7CF1C49185D009D565B /* NavigationControllerDemoUITests */,
			);
		};
/* End PBXProject section */

/* Begin PBXResourcesBuildPhase section */
		5746D7AA1C49185D009D565B /* Resources */ = {
			isa = PBXResourcesBuildPhase;
			buildActionMask = 2147483647;
			files = (
				579BD40B1CB605E800FDB529 /* NoTitleViewController.xib in Resources */,
				5746D7BF1C49185D009D565B /* LaunchScreen.storyboard in Resources */,
				579BD4061CB6024900FDB529 /* NormalViewController.xib in Resources */,
				5746D7BC1C49185D009D565B /* Assets.xcassets in Resources */,
				579BD4011CB5FFDD00FDB529 /* RootViewController.xib in Resources */,
			);
			runOnlyForDeploymentPostprocessing = 0;
		};
		5746D7C31C49185D009D565B /* Resources */ = {
			isa = PBXResourcesBuildPhase;
			buildActionMask = 2147483647;
			files = (
			);
			runOnlyForDeploymentPostprocessing = 0;
		};
		5746D7CE1C49185D009D565B /* Resources */ = {
			isa = PBXResourcesBuildPhase;
			buildActionMask = 2147483647;
			files = (
			);
			runOnlyForDeploymentPostprocessing = 0;
		};
/* End PBXResourcesBuildPhase section */

/* Begin PBXSourcesBuildPhase section */
		5746D7A81C49185D009D565B /* Sources */ = {
			isa = PBXSourcesBuildPhase;
			buildActionMask = 2147483647;
			files = (
				5742F19F1CBF7DCF008D95E7 /* UIViewController+YKNavigation.m in Sources */,
				579BD40A1CB605E800FDB529 /* NoTitleViewController.m in Sources */,
				5746D7B41C49185D009D565B /* AppDelegate.m in Sources */,
				5746D7B11C49185D009D565B /* main.m in Sources */,
				5746D7EB1C491CD8009D565B /* YKNavigationController.m in Sources */,
				579BD4001CB5FFDD00FDB529 /* RootViewController.m in Sources */,
				579BD4051CB6024900FDB529 /* NormalViewController.m in Sources */,
			);
			runOnlyForDeploymentPostprocessing = 0;
		};
		5746D7C11C49185D009D565B /* Sources */ = {
			isa = PBXSourcesBuildPhase;
			buildActionMask = 2147483647;
			files = (
				5746D7CA1C49185D009D565B /* NavigationControllerDemoTests.m in Sources */,
			);
			runOnlyForDeploymentPostprocessing = 0;
		};
		5746D7CC1C49185D009D565B /* Sources */ = {
			isa = PBXSourcesBuildPhase;
			buildActionMask = 2147483647;
			files = (
				5746D7D51C49185D009D565B /* NavigationControllerDemoUITests.m in Sources */,
			);
			runOnlyForDeploymentPostprocessing = 0;
		};
/* End PBXSourcesBuildPhase section */

/* Begin PBXTargetDependency section */
		5746D7C71C49185D009D565B /* PBXTargetDependency */ = {
			isa = PBXTargetDependency;
			target = 5746D7AB1C49185D009D565B /* NavigationControllerDemo */;
			targetProxy = 5746D7C61C49185D009D565B /* PBXContainerItemProxy */;
		};
		5746D7D21C49185D009D565B /* PBXTargetDependency */ = {
			isa = PBXTargetDependency;
			target = 5746D7AB1C49185D009D565B /* NavigationControllerDemo */;
			targetProxy = 5746D7D11C49185D009D565B /* PBXContainerItemProxy */;
		};
/* End PBXTargetDependency section */

/* Begin PBXVariantGroup section */
		5746D7BD1C49185D009D565B /* LaunchScreen.storyboard */ = {
			isa = PBXVariantGroup;
			children = (
				5746D7BE1C49185D009D565B /* Base */,
			);
			name = LaunchScreen.storyboard;
			sourceTree = "<group>";
		};
/* End PBXVariantGroup section */

/* Begin XCBuildConfiguration section */
		5746D7D71C49185D009D565B /* Debug */ = {
			isa = XCBuildConfiguration;
			buildSettings = {
				ALWAYS_SEARCH_USER_PATHS = NO;
				CLANG_CXX_LANGUAGE_STANDARD = "gnu++0x";
				CLANG_CXX_LIBRARY = "libc++";
				CLANG_ENABLE_MODULES = YES;
				CLANG_ENABLE_OBJC_ARC = YES;
				CLANG_WARN_BOOL_CONVERSION = YES;
				CLANG_WARN_CONSTANT_CONVERSION = YES;
				CLANG_WARN_DIRECT_OBJC_ISA_USAGE = YES_ERROR;
				CLANG_WARN_EMPTY_BODY = YES;
				CLANG_WARN_ENUM_CONVERSION = YES;
				CLANG_WARN_INT_CONVERSION = YES;
				CLANG_WARN_OBJC_ROOT_CLASS = YES_ERROR;
				CLANG_WARN_UNREACHABLE_CODE = YES;
				CLANG_WARN__DUPLICATE_METHOD_MATCH = YES;
				"CODE_SIGN_IDENTITY[sdk=iphoneos*]" = "iPhone Developer";
				COPY_PHASE_STRIP = NO;
				DEBUG_INFORMATION_FORMAT = dwarf;
				ENABLE_STRICT_OBJC_MSGSEND = YES;
				ENABLE_TESTABILITY = YES;
				GCC_C_LANGUAGE_STANDARD = gnu99;
				GCC_DYNAMIC_NO_PIC = NO;
				GCC_NO_COMMON_BLOCKS = YES;
				GCC_OPTIMIZATION_LEVEL = 0;
				GCC_PREPROCESSOR_DEFINITIONS = (
					"DEBUG=1",
					"$(inherited)",
				);
				GCC_WARN_64_TO_32_BIT_CONVERSION = YES;
				GCC_WARN_ABOUT_RETURN_TYPE = YES_ERROR;
				GCC_WARN_UNDECLARED_SELECTOR = YES;
				GCC_WARN_UNINITIALIZED_AUTOS = YES_AGGRESSIVE;
				GCC_WARN_UNUSED_FUNCTION = YES;
				GCC_WARN_UNUSED_VARIABLE = YES;
				IPHONEOS_DEPLOYMENT_TARGET = 9.2;
				MTL_ENABLE_DEBUG_INFO = YES;
				ONLY_ACTIVE_ARCH = YES;
				SDKROOT = iphoneos;
			};
			name = Debug;
		};
		5746D7D81C49185D009D565B /* Release */ = {
			isa = XCBuildConfiguration;
			buildSettings = {
				ALWAYS_SEARCH_USER_PATHS = NO;
				CLANG_CXX_LANGUAGE_STANDARD = "gnu++0x";
				CLANG_CXX_LIBRARY = "libc++";
				CLANG_ENABLE_MODULES = YES;
				CLANG_ENABLE_OBJC_ARC = YES;
				CLANG_WARN_BOOL_CONVERSION = YES;
				CLANG_WARN_CONSTANT_CONVERSION = YES;
				CLANG_WARN_DIRECT_OBJC_ISA_USAGE = YES_ERROR;
				CLANG_WARN_EMPTY_BODY = YES;
				CLANG_WARN_ENUM_CONVERSION = YES;
				CLANG_WARN_INT_CONVERSION = YES;
				CLANG_WARN_OBJC_ROOT_CLASS = YES_ERROR;
				CLANG_WARN_UNREACHABLE_CODE = YES;
				CLANG_WARN__DUPLICATE_METHOD_MATCH = YES;
				"CODE_SIGN_IDENTITY[sdk=iphoneos*]" = "iPhone Developer";
				COPY_PHASE_STRIP = NO;
				DEBUG_INFORMATION_FORMAT = "dwarf-with-dsym";
				ENABLE_NS_ASSERTIONS = NO;
				ENABLE_STRICT_OBJC_MSGSEND = YES;
				GCC_C_LANGUAGE_STANDARD = gnu99;
				GCC_NO_COMMON_BLOCKS = YES;
				GCC_WARN_64_TO_32_BIT_CONVERSION = YES;
				GCC_WARN_ABOUT_RETURN_TYPE = YES_ERROR;
				GCC_WARN_UNDECLARED_SELECTOR = YES;
				GCC_WARN_UNINITIALIZED_AUTOS = YES_AGGRESSIVE;
				GCC_WARN_UNUSED_FUNCTION = YES;
				GCC_WARN_UNUSED_VARIABLE = YES;
				IPHONEOS_DEPLOYMENT_TARGET = 9.2;
				MTL_ENABLE_DEBUG_INFO = NO;
				SDKROOT = iphoneos;
				VALIDATE_PRODUCT = YES;
			};
			name = Release;
		};
		5746D7DA1C49185D009D565B /* Debug */ = {
			isa = XCBuildConfiguration;
			buildSettings = {
				ASSETCATALOG_COMPILER_APPICON_NAME = AppIcon;
				INFOPLIST_FILE = NavigationControllerDemo/Info.plist;
				LD_RUNPATH_SEARCH_PATHS = "$(inherited) @executable_path/Frameworks";
				PRODUCT_BUNDLE_IDENTIFIER = io.github.wanyakun.NavigationControllerDemo;
				PRODUCT_NAME = "$(TARGET_NAME)";
			};
			name = Debug;
		};
		5746D7DB1C49185D009D565B /* Release */ = {
			isa = XCBuildConfiguration;
			buildSettings = {
				ASSETCATALOG_COMPILER_APPICON_NAME = AppIcon;
				INFOPLIST_FILE = NavigationControllerDemo/Info.plist;
				LD_RUNPATH_SEARCH_PATHS = "$(inherited) @executable_path/Frameworks";
				PRODUCT_BUNDLE_IDENTIFIER = io.github.wanyakun.NavigationControllerDemo;
				PRODUCT_NAME = "$(TARGET_NAME)";
			};
			name = Release;
		};
		5746D7DD1C49185D009D565B /* Debug */ = {
			isa = XCBuildConfiguration;
			buildSettings = {
				BUNDLE_LOADER = "$(TEST_HOST)";
				INFOPLIST_FILE = NavigationControllerDemoTests/Info.plist;
				LD_RUNPATH_SEARCH_PATHS = "$(inherited) @executable_path/Frameworks @loader_path/Frameworks";
				PRODUCT_BUNDLE_IDENTIFIER = com.ucaiyuan.NavigationControllerDemoTests;
				PRODUCT_NAME = "$(TARGET_NAME)";
				TEST_HOST = "$(BUILT_PRODUCTS_DIR)/NavigationControllerDemo.app/NavigationControllerDemo";
			};
			name = Debug;
		};
		5746D7DE1C49185D009D565B /* Release */ = {
			isa = XCBuildConfiguration;
			buildSettings = {
				BUNDLE_LOADER = "$(TEST_HOST)";
				INFOPLIST_FILE = NavigationControllerDemoTests/Info.plist;
				LD_RUNPATH_SEARCH_PATHS = "$(inherited) @executable_path/Frameworks @loader_path/Frameworks";
				PRODUCT_BUNDLE_IDENTIFIER = com.ucaiyuan.NavigationControllerDemoTests;
				PRODUCT_NAME = "$(TARGET_NAME)";
				TEST_HOST = "$(BUILT_PRODUCTS_DIR)/NavigationControllerDemo.app/NavigationControllerDemo";
			};
			name = Release;
		};
		5746D7E01C49185D009D565B /* Debug */ = {
			isa = XCBuildConfiguration;
			buildSettings = {
				INFOPLIST_FILE = NavigationControllerDemoUITests/Info.plist;
				LD_RUNPATH_SEARCH_PATHS = "$(inherited) @executable_path/Frameworks @loader_path/Frameworks";
				PRODUCT_BUNDLE_IDENTIFIER = com.ucaiyuan.NavigationControllerDemoUITests;
				PRODUCT_NAME = "$(TARGET_NAME)";
				TEST_TARGET_NAME = NavigationControllerDemo;
				USES_XCTRUNNER = YES;
			};
			name = Debug;
		};
		5746D7E11C49185D009D565B /* Release */ = {
			isa = XCBuildConfiguration;
			buildSettings = {
				INFOPLIST_FILE = NavigationControllerDemoUITests/Info.plist;
				LD_RUNPATH_SEARCH_PATHS = "$(inherited) @executable_path/Frameworks @loader_path/Frameworks";
				PRODUCT_BUNDLE_IDENTIFIER = com.ucaiyuan.NavigationControllerDemoUITests;
				PRODUCT_NAME = "$(TARGET_NAME)";
				TEST_TARGET_NAME = NavigationControllerDemo;
				USES_XCTRUNNER = YES;
			};
			name = Release;
		};
/* End XCBuildConfiguration section */

/* Begin XCConfigurationList section */
		5746D7A71C49185D009D565B /* Build configuration list for PBXProject "NavigationControllerDemo" */ = {
			isa = XCConfigurationList;
			buildConfigurations = (
				5746D7D71C49185D009D565B /* Debug */,
				5746D7D81C49185D009D565B /* Release */,
			);
			defaultConfigurationIsVisible = 0;
			defaultConfigurationName = Release;
		};
		5746D7D91C49185D009D565B /* Build configuration list for PBXNativeTarget "NavigationControllerDemo" */ = {
			isa = XCConfigurationList;
			buildConfigurations = (
				5746D7DA1C49185D009D565B /* Debug */,
				5746D7DB1C49185D009D565B /* Release */,
			);
			defaultConfigurationIsVisible = 0;
			defaultConfigurationName = Release;
		};
		5746D7DC1C49185D009D565B /* Build configuration list for PBXNativeTarget "NavigationControllerDemoTests" */ = {
			isa = XCConfigurationList;
			buildConfigurations = (
				5746D7DD1C49185D009D565B /* Debug */,
				5746D7DE1C49185D009D565B /* Release */,
			);
			defaultConfigurationIsVisible = 0;
			defaultConfigurationName = Release;
		};
		5746D7DF1C49185D009D565B /* Build configuration list for PBXNativeTarget "NavigationControllerDemoUITests" */ = {
			isa = XCConfigurationList;
			buildConfigurations = (
				5746D7E01C49185D009D565B /* Debug */,
				5746D7E11C49185D009D565B /* Release */,
			);
			defaultConfigurationIsVisible = 0;
			defaultConfigurationName = Release;
		};
/* End XCConfigurationList section */
	};
	rootObject = 5746D7A41C49185D009D565B /* Project object */;
}
